
Microsoft Visual Studio Solution File, Format Version 12.00
# Visual Studio Version 16
VisualStudioVersion = 16.0.31424.327
MinimumVisualStudioVersion = 10.0.40219.1
Project("{FAE04EC0-301F-11D3-BF4B-00C04F79EFBC}") = "RazorPagesMovie", "RazorPagesMovie.csproj", "{67B041A4-C505-41A9-973C-6485BA491E41}"
EndProject
Global
	GlobalSection(SolutionConfigurationPlatforms) = preSolution
		Debug|Any CPU = Debug|Any CPU
		Release|Any CPU = Release|Any CPU
	EndGlobalSection
	GlobalSection(ProjectConfigurationPlatforms) = postSolution
		{67B041A4-C505-41A9-973C-6485BA491E41}.Debug|Any CPU.ActiveCfg = Debug|Any CPU
		{67B041A4-C505-41A9-973C-6485BA491E41}.Debug|Any CPU.Build.0 = Debug|Any CPU
		{67B041A4-C505-41A9-973C-6485BA491E41}.Release|Any CPU.ActiveCfg = Release|Any CPU
		{67B041A4-C505-41A9-973C-6485BA491E41}.Release|Any CPU.Build.0 = Release|Any CPU
	EndGlobalSection
	GlobalSection(SolutionProperties) = preSolution
		HideSolutionNode = FALSE
	EndGlobalSection
	GlobalSection(ExtensibilityGlobals) = postSolution
		SolutionGuid = {FCD21A64-6296-4085-A49D-DD478E09F518}
	EndGlobalSection
EndGlobal
